
Microsoft Visual Studio Solution File, Format Version 12.00
# Visual Studio 15
VisualStudioVersion = 15.0.26124.0
MinimumVisualStudioVersion = 15.0.26124.0
Project("{FAE04EC0-301F-11D3-BF4B-00C04F79EFBC}") = "Bowling", "Bowling\Bowling.csproj", "{330B6DB3-2607-47AA-B577-7E775F49C543}"
EndProject
Project("{FAE04EC0-301F-11D3-BF4B-00C04F79EFBC}") = "Bowling.Tests", "Bowling.Tests\Bowling.Tests.csproj", "{DCC03A63-2CFA-4C12-89D2-A4FD73C7142A}"
EndProject
Global
	GlobalSection(SolutionConfigurationPlatforms) = preSolution
		Debug|Any CPU = Debug|Any CPU
		Debug|x64 = Debug|x64
		Debug|x86 = Debug|x86
		Release|Any CPU = Release|Any CPU
		Release|x64 = Release|x64
		Release|x86 = Release|x86
	EndGlobalSection
	GlobalSection(SolutionProperties) = preSolution
		HideSolutionNode = FALSE
	EndGlobalSection
	GlobalSection(ProjectConfigurationPlatforms) = postSolution
		{330B6DB3-2607-47AA-B577-7E775F49C543}.Debug|Any CPU.ActiveCfg = Debug|Any CPU
		{330B6DB3-2607-47AA-B577-7E775F49C543}.Debug|Any CPU.Build.0 = Debug|Any CPU
		{330B6DB3-2607-47AA-B577-7E775F49C543}.Debug|x64.ActiveCfg = Debug|Any CPU
		{330B6DB3-2607-47AA-B577-7E775F49C543}.Debug|x64.Build.0 = Debug|Any CPU
		{330B6DB3-2607-47AA-B577-7E775F49C543}.Debug|x86.ActiveCfg = Debug|Any CPU
		{330B6DB3-2607-47AA-B577-7E775F49C543}.Debug|x86.Build.0 = Debug|Any CPU
		{330B6DB3-2607-47AA-B577-7E775F49C543}.Release|Any CPU.ActiveCfg = Release|Any CPU
		{330B6DB3-2607-47AA-B577-7E775F49C543}.Release|Any CPU.Build.0 = Release|Any CPU
		{330B6DB3-2607-47AA-B577-7E775F49C543}.Release|x64.ActiveCfg = Release|Any CPU
		{330B6DB3-2607-47AA-B577-7E775F49C543}.Release|x64.Build.0 = Release|Any CPU
		{330B6DB3-2607-47AA-B577-7E775F49C543}.Release|x86.ActiveCfg = Release|Any CPU
		{330B6DB3-2607-47AA-B577-7E775F49C543}.Release|x86.Build.0 = Release|Any CPU
		{DCC03A63-2CFA-4C12-89D2-A4FD73C7142A}.Debug|Any CPU.ActiveCfg = Debug|Any CPU
		{DCC03A63-2CFA-4C12-89D2-A4FD73C7142A}.Debug|Any CPU.Build.0 = Debug|Any CPU
		{DCC03A63-2CFA-4C12-89D2-A4FD73C7142A}.Debug|x64.ActiveCfg = Debug|Any CPU
		{DCC03A63-2CFA-4C12-89D2-A4FD73C7142A}.Debug|x64.Build.0 = Debug|Any CPU
		{DCC03A63-2CFA-4C12-89D2-A4FD73C7142A}.Debug|x86.ActiveCfg = Debug|Any CPU
		{DCC03A63-2CFA-4C12-89D2-A4FD73C7142A}.Debug|x86.Build.0 = Debug|Any CPU
		{DCC03A63-2CFA-4C12-89D2-A4FD73C7142A}.Release|Any CPU.ActiveCfg = Release|Any CPU
		{DCC03A63-2CFA-4C12-89D2-A4FD73C7142A}.Release|Any CPU.Build.0 = Release|Any CPU
		{DCC03A63-2CFA-4C12-89D2-A4FD73C7142A}.Release|x64.ActiveCfg = Release|Any CPU
		{DCC03A63-2CFA-4C12-89D2-A4FD73C7142A}.Release|x64.Build.0 = Release|Any CPU
		{DCC03A63-2CFA-4C12-89D2-A4FD73C7142A}.Release|x86.ActiveCfg = Release|Any CPU
		{DCC03A63-2CFA-4C12-89D2-A4FD73C7142A}.Release|x86.Build.0 = Release|Any CPU
	EndGlobalSection
EndGlobal
